
Microsoft Visual Studio Solution File, Format Version 12.00
# Visual Studio 15
VisualStudioVersion = 15.0.27323.2
MinimumVisualStudioVersion = 10.0.40219.1
Project("{FAE04EC0-301F-11D3-BF4B-00C04F79EFBC}") = "AzureMonitor", "AzureMonitor\AzureMonitor.csproj", "{F0847455-50CC-44C0-ABD8-A8EFC1A894C0}"
EndProject
Global
	GlobalSection(SolutionConfigurationPlatforms) = preSolution
		Debug|Any CPU = Debug|Any CPU
		Release|Any CPU = Release|Any CPU
	EndGlobalSection
	GlobalSection(ProjectConfigurationPlatforms) = postSolution
		{F0847455-50CC-44C0-ABD8-A8EFC1A894C0}.Debug|Any CPU.ActiveCfg = Debug|Any CPU
		{F0847455-50CC-44C0-ABD8-A8EFC1A894C0}.Debug|Any CPU.Build.0 = Debug|Any CPU
		{F0847455-50CC-44C0-ABD8-A8EFC1A894C0}.Release|Any CPU.ActiveCfg = Release|Any CPU
		{F0847455-50CC-44C0-ABD8-A8EFC1A894C0}.Release|Any CPU.Build.0 = Release|Any CPU
	EndGlobalSection
	GlobalSection(SolutionProperties) = preSolution
		HideSolutionNode = FALSE
	EndGlobalSection
	GlobalSection(ExtensibilityGlobals) = postSolution
		SolutionGuid = {6DF08231-8FA8-4326-8633-FE7D0460BE4E}
	EndGlobalSection
EndGlobal
